// !$*UTF8*$!
{
	archiveVersion = 1;
	classes = {
	};
	objectVersion = 55;
	objects = {

/* Begin PBXBuildFile section */
		FA027504288324FE00AC4D11 /* FactView.swift in Sources */ = {isa = PBXBuildFile; fileRef = FA027503288324FE00AC4D11 /* FactView.swift */; };
		FA0275062883321C00AC4D11 /* FactModel.swift in Sources */ = {isa = PBXBuildFile; fileRef = FA0275052883321C00AC4D11 /* FactModel.swift */; };
		FA0275082883325200AC4D11 /* FactData.swift in Sources */ = {isa = PBXBuildFile; fileRef = FA0275072883325200AC4D11 /* FactData.swift */; };
		FA11063828831F1F004F8328 /* LaunchScreen.storyboard in Resources */ = {isa = PBXBuildFile; fileRef = FA11063728831F1F004F8328 /* LaunchScreen.storyboard */; };
		FA50C07C2884A7AE00203D6E /* RecipeModel.swift in Sources */ = {isa = PBXBuildFile; fileRef = FA50C07B2884A7AE00203D6E /* RecipeModel.swift */; };
		FA50C07E2884A85300203D6E /* RecipeData.swift in Sources */ = {isa = PBXBuildFile; fileRef = FA50C07D2884A85300203D6E /* RecipeData.swift */; };
		FA50C0802884A8DB00203D6E /* RecipeCardView.swift in Sources */ = {isa = PBXBuildFile; fileRef = FA50C07F2884A8DB00203D6E /* RecipeCardView.swift */; };
		FA546EEE287E06FD00FF14D9 /* AvocadosApp.swift in Sources */ = {isa = PBXBuildFile; fileRef = FA546EED287E06FD00FF14D9 /* AvocadosApp.swift */; };
		FA546EF0287E06FD00FF14D9 /* RecipesView.swift in Sources */ = {isa = PBXBuildFile; fileRef = FA546EEF287E06FD00FF14D9 /* RecipesView.swift */; };
		FA546EF2287E06FF00FF14D9 /* Assets.xcassets in Resources */ = {isa = PBXBuildFile; fileRef = FA546EF1287E06FF00FF14D9 /* Assets.xcassets */; };
		FA546EF5287E06FF00FF14D9 /* Preview Assets.xcassets in Resources */ = {isa = PBXBuildFile; fileRef = FA546EF4287E06FF00FF14D9 /* Preview Assets.xcassets */; };
		FAB6D8B5287E106100098E1E /* AvocadosView.swift in Sources */ = {isa = PBXBuildFile; fileRef = FAB6D8B4287E106100098E1E /* AvocadosView.swift */; };
		FAB6D8B7287E107C00098E1E /* RipeningView.swift in Sources */ = {isa = PBXBuildFile; fileRef = FAB6D8B6287E107C00098E1E /* RipeningView.swift */; };
		FAB6D8B9287E109200098E1E /* SettingsView.swift in Sources */ = {isa = PBXBuildFile; fileRef = FAB6D8B8287E109200098E1E /* SettingsView.swift */; };
		FAB6D8BB287E10A600098E1E /* AppView.swift in Sources */ = {isa = PBXBuildFile; fileRef = FAB6D8BA287E10A600098E1E /* AppView.swift */; };
		FABE5915288097150092BCDE /* HeaderView.swift in Sources */ = {isa = PBXBuildFile; fileRef = FABE5914288097150092BCDE /* HeaderView.swift */; };
		FABE591728809CC70092BCDE /* HeaderModel.swift in Sources */ = {isa = PBXBuildFile; fileRef = FABE591628809CC70092BCDE /* HeaderModel.swift */; };
		FABE591928809D100092BCDE /* HeaderData.swift in Sources */ = {isa = PBXBuildFile; fileRef = FABE591828809D100092BCDE /* HeaderData.swift */; };
		FAC1179A2881D9AA009E3524 /* DishesView.swift in Sources */ = {isa = PBXBuildFile; fileRef = FAC117992881D9AA009E3524 /* DishesView.swift */; };
/* End PBXBuildFile section */

/* Begin PBXFileReference section */
		FA027503288324FE00AC4D11 /* FactView.swift */ = {isa = PBXFileReference; lastKnownFileType = sourcecode.swift; path = FactView.swift; sourceTree = "<group>"; };
		FA0275052883321C00AC4D11 /* FactModel.swift */ = {isa = PBXFileReference; lastKnownFileType = sourcecode.swift; path = FactModel.swift; sourceTree = "<group>"; };
		FA0275072883325200AC4D11 /* FactData.swift */ = {isa = PBXFileReference; lastKnownFileType = sourcecode.swift; path = FactData.swift; sourceTree = "<group>"; };
		FA11063728831F1F004F8328 /* LaunchScreen.storyboard */ = {isa = PBXFileReference; lastKnownFileType = file.storyboard; path = LaunchScreen.storyboard; sourceTree = "<group>"; };
		FA50C07B2884A7AE00203D6E /* RecipeModel.swift */ = {isa = PBXFileReference; lastKnownFileType = sourcecode.swift; path = RecipeModel.swift; sourceTree = "<group>"; };
		FA50C07D2884A85300203D6E /* RecipeData.swift */ = {isa = PBXFileReference; lastKnownFileType = sourcecode.swift; path = RecipeData.swift; sourceTree = "<group>"; };
		FA50C07F2884A8DB00203D6E /* RecipeCardView.swift */ = {isa = PBXFileReference; lastKnownFileType = sourcecode.swift; path = RecipeCardView.swift; sourceTree = "<group>"; };
		FA546EEA287E06FD00FF14D9 /* Avocados.app */ = {isa = PBXFileReference; explicitFileType = wrapper.application; includeInIndex = 0; path = Avocados.app; sourceTree = BUILT_PRODUCTS_DIR; };
		FA546EED287E06FD00FF14D9 /* AvocadosApp.swift */ = {isa = PBXFileReference; lastKnownFileType = sourcecode.swift; path = AvocadosApp.swift; sourceTree = "<group>"; };
		FA546EEF287E06FD00FF14D9 /* RecipesView.swift */ = {isa = PBXFileReference; lastKnownFileType = sourcecode.swift; path = RecipesView.swift; sourceTree = "<group>"; };
		FA546EF1287E06FF00FF14D9 /* Assets.xcassets */ = {isa = PBXFileReference; lastKnownFileType = folder.assetcatalog; path = Assets.xcassets; sourceTree = "<group>"; };
		FA546EF4287E06FF00FF14D9 /* Preview Assets.xcassets */ = {isa = PBXFileReference; lastKnownFileType = folder.assetcatalog; path = "Preview Assets.xcassets"; sourceTree = "<group>"; };
		FAB6D8B0287E0E4C00098E1E /* Info.plist */ = {isa = PBXFileReference; lastKnownFileType = text.plist; path = Info.plist; sourceTree = "<group>"; };
		FAB6D8B4287E106100098E1E /* AvocadosView.swift */ = {isa = PBXFileReference; lastKnownFileType = sourcecode.swift; path = AvocadosView.swift; sourceTree = "<group>"; };
		FAB6D8B6287E107C00098E1E /* RipeningView.swift */ = {isa = PBXFileReference; lastKnownFileType = sourcecode.swift; path = RipeningView.swift; sourceTree = "<group>"; };
		FAB6D8B8287E109200098E1E /* SettingsView.swift */ = {isa = PBXFileReference; lastKnownFileType = sourcecode.swift; path = SettingsView.swift; sourceTree = "<group>"; };
		FAB6D8BA287E10A600098E1E /* AppView.swift */ = {isa = PBXFileReference; lastKnownFileType = sourcecode.swift; path = AppView.swift; sourceTree = "<group>"; };
		FABE5914288097150092BCDE /* HeaderView.swift */ = {isa = PBXFileReference; lastKnownFileType = sourcecode.swift; path = HeaderView.swift; sourceTree = "<group>"; };
		FABE591628809CC70092BCDE /* HeaderModel.swift */ = {isa = PBXFileReference; lastKnownFileType = sourcecode.swift; path = HeaderModel.swift; sourceTree = "<group>"; };
		FABE591828809D100092BCDE /* HeaderData.swift */ = {isa = PBXFileReference; lastKnownFileType = sourcecode.swift; path = HeaderData.swift; sourceTree = "<group>"; };
		FAC117992881D9AA009E3524 /* DishesView.swift */ = {isa = PBXFileReference; lastKnownFileType = sourcecode.swift; path = DishesView.swift; sourceTree = "<group>"; };
/* End PBXFileReference section */

/* Begin PBXFrameworksBuildPhase section */
		FA546EE7287E06FD00FF14D9 /* Frameworks */ = {
			isa = PBXFrameworksBuildPhase;
			buildActionMask = 2147483647;
			files = (
			);
			runOnlyForDeploymentPostprocessing = 0;
		};
/* End PBXFrameworksBuildPhase section */

/* Begin PBXGroup section */
		FA546EE1287E06FD00FF14D9 = {
			isa = PBXGroup;
			children = (
				FA546EEC287E06FD00FF14D9 /* Avocados */,
				FA546EEB287E06FD00FF14D9 /* Products */,
			);
			sourceTree = "<group>";
		};
		FA546EEB287E06FD00FF14D9 /* Products */ = {
			isa = PBXGroup;
			children = (
				FA546EEA287E06FD00FF14D9 /* Avocados.app */,
			);
			name = Products;
			sourceTree = "<group>";
		};
		FA546EEC287E06FD00FF14D9 /* Avocados */ = {
			isa = PBXGroup;
			children = (
				FAB6D8B3287E102D00098E1E /* View */,
				FAB6D8B2287E102600098E1E /* Model */,
				FAB6D8B1287E101E00098E1E /* Data */,
				FAB6D8B0287E0E4C00098E1E /* Info.plist */,
				FA546EED287E06FD00FF14D9 /* AvocadosApp.swift */,
				FA546EF1287E06FF00FF14D9 /* Assets.xcassets */,
				FA546EF3287E06FF00FF14D9 /* Preview Content */,
				FA11063728831F1F004F8328 /* LaunchScreen.storyboard */,
			);
			path = Avocados;
			sourceTree = "<group>";
		};
		FA546EF3287E06FF00FF14D9 /* Preview Content */ = {
			isa = PBXGroup;
			children = (
				FA546EF4287E06FF00FF14D9 /* Preview Assets.xcassets */,
			);
			path = "Preview Content";
			sourceTree = "<group>";
		};
		FAB6D8B1287E101E00098E1E /* Data */ = {
			isa = PBXGroup;
			children = (
				FABE591828809D100092BCDE /* HeaderData.swift */,
				FA0275072883325200AC4D11 /* FactData.swift */,
				FA50C07D2884A85300203D6E /* RecipeData.swift */,
			);
			path = Data;
			sourceTree = "<group>";
		};
		FAB6D8B2287E102600098E1E /* Model */ = {
			isa = PBXGroup;
			children = (
				FABE591628809CC70092BCDE /* HeaderModel.swift */,
				FA0275052883321C00AC4D11 /* FactModel.swift */,
				FA50C07B2884A7AE00203D6E /* RecipeModel.swift */,
			);
			path = Model;
			sourceTree = "<group>";
		};
		FAB6D8B3287E102D00098E1E /* View */ = {
			isa = PBXGroup;
			children = (
				FAB6D8BA287E10A600098E1E /* AppView.swift */,
				FAB6D8B4287E106100098E1E /* AvocadosView.swift */,
				FA546EEF287E06FD00FF14D9 /* RecipesView.swift */,
				FAB6D8B6287E107C00098E1E /* RipeningView.swift */,
				FAB6D8B8287E109200098E1E /* SettingsView.swift */,
				FABE5914288097150092BCDE /* HeaderView.swift */,
				FAC117992881D9AA009E3524 /* DishesView.swift */,
				FA027503288324FE00AC4D11 /* FactView.swift */,
				FA50C07F2884A8DB00203D6E /* RecipeCardView.swift */,
			);
			path = View;
			sourceTree = "<group>";
		};
/* End PBXGroup section */

/* Begin PBXNativeTarget section */
		FA546EE9287E06FD00FF14D9 /* Avocados */ = {
			isa = PBXNativeTarget;
			buildConfigurationList = FA546EF8287E06FF00FF14D9 /* Build configuration list for PBXNativeTarget "Avocados" */;
			buildPhases = (
				FA546EE6287E06FD00FF14D9 /* Sources */,
				FA546EE7287E06FD00FF14D9 /* Frameworks */,
				FA546EE8287E06FD00FF14D9 /* Resources */,
			);
			buildRules = (
			);
			dependencies = (
			);
			name = Avocados;
			productName = Avocados;
			productReference = FA546EEA287E06FD00FF14D9 /* Avocados.app */;
			productType = "com.apple.product-type.application";
		};
/* End PBXNativeTarget section */

/* Begin PBXProject section */
		FA546EE2287E06FD00FF14D9 /* Project object */ = {
			isa = PBXProject;
			attributes = {
				BuildIndependentTargetsInParallel = 1;
				LastSwiftUpdateCheck = 1340;
				LastUpgradeCheck = 1340;
				TargetAttributes = {
					FA546EE9287E06FD00FF14D9 = {
						CreatedOnToolsVersion = 13.4.1;
					};
				};
			};
			buildConfigurationList = FA546EE5287E06FD00FF14D9 /* Build configuration list for PBXProject "Avocados" */;
			compatibilityVersion = "Xcode 13.0";
			developmentRegion = en;
			hasScannedForEncodings = 0;
			knownRegions = (
				en,
				Base,
			);
			mainGroup = FA546EE1287E06FD00FF14D9;
			productRefGroup = FA546EEB287E06FD00FF14D9 /* Products */;
			projectDirPath = "";
			projectRoot = "";
			targets = (
				FA546EE9287E06FD00FF14D9 /* Avocados */,
			);
		};
/* End PBXProject section */

/* Begin PBXResourcesBuildPhase section */
		FA546EE8287E06FD00FF14D9 /* Resources */ = {
			isa = PBXResourcesBuildPhase;
			buildActionMask = 2147483647;
			files = (
				FA11063828831F1F004F8328 /* LaunchScreen.storyboard in Resources */,
				FA546EF5287E06FF00FF14D9 /* Preview Assets.xcassets in Resources */,
				FA546EF2287E06FF00FF14D9 /* Assets.xcassets in Resources */,
			);
			runOnlyForDeploymentPostprocessing = 0;
		};
/* End PBXResourcesBuildPhase section */

/* Begin PBXSourcesBuildPhase section */
		FA546EE6287E06FD00FF14D9 /* Sources */ = {
			isa = PBXSourcesBuildPhase;
			buildActionMask = 2147483647;
			files = (
				FAB6D8B9287E109200098E1E /* SettingsView.swift in Sources */,
				FA546EF0287E06FD00FF14D9 /* RecipesView.swift in Sources */,
				FAB6D8BB287E10A600098E1E /* AppView.swift in Sources */,
				FAB6D8B7287E107C00098E1E /* RipeningView.swift in Sources */,
				FA546EEE287E06FD00FF14D9 /* AvocadosApp.swift in Sources */,
				FAB6D8B5287E106100098E1E /* AvocadosView.swift in Sources */,
				FABE591728809CC70092BCDE /* HeaderModel.swift in Sources */,
				FA50C07C2884A7AE00203D6E /* RecipeModel.swift in Sources */,
				FABE591928809D100092BCDE /* HeaderData.swift in Sources */,
				FAC1179A2881D9AA009E3524 /* DishesView.swift in Sources */,
				FA0275062883321C00AC4D11 /* FactModel.swift in Sources */,
				FA027504288324FE00AC4D11 /* FactView.swift in Sources */,
				FA50C0802884A8DB00203D6E /* RecipeCardView.swift in Sources */,
				FA50C07E2884A85300203D6E /* RecipeData.swift in Sources */,
				FABE5915288097150092BCDE /* HeaderView.swift in Sources */,
				FA0275082883325200AC4D11 /* FactData.swift in Sources */,
			);
			runOnlyForDeploymentPostprocessing = 0;
		};
/* End PBXSourcesBuildPhase section */

/* Begin XCBuildConfiguration section */
		FA546EF6287E06FF00FF14D9 /* Debug */ = {
			isa = XCBuildConfiguration;
			buildSettings = {
				ALWAYS_SEARCH_USER_PATHS = NO;
				CLANG_ANALYZER_NONNULL = YES;
				CLANG_ANALYZER_NUMBER_OBJECT_CONVERSION = YES_AGGRESSIVE;
				CLANG_CXX_LANGUAGE_STANDARD = "gnu++17";
				CLANG_ENABLE_MODULES = YES;
				CLANG_ENABLE_OBJC_ARC = YES;
				CLANG_ENABLE_OBJC_WEAK = YES;
				CLANG_WARN_BLOCK_CAPTURE_AUTORELEASING = YES;
				CLANG_WARN_BOOL_CONVERSION = YES;
				CLANG_WARN_COMMA = YES;
				CLANG_WARN_CONSTANT_CONVERSION = YES;
				CLANG_WARN_DEPRECATED_OBJC_IMPLEMENTATIONS = YES;
				CLANG_WARN_DIRECT_OBJC_ISA_USAGE = YES_ERROR;
				CLANG_WARN_DOCUMENTATION_COMMENTS = YES;
				CLANG_WARN_EMPTY_BODY = YES;
				CLANG_WARN_ENUM_CONVERSION = YES;
				CLANG_WARN_INFINITE_RECURSION = YES;
				CLANG_WARN_INT_CONVERSION = YES;
				CLANG_WARN_NON_LITERAL_NULL_CONVERSION = YES;
				CLANG_WARN_OBJC_IMPLICIT_RETAIN_SELF = YES;
				CLANG_WARN_OBJC_LITERAL_CONVERSION = YES;
				CLANG_WARN_OBJC_ROOT_CLASS = YES_ERROR;
				CLANG_WARN_QUOTED_INCLUDE_IN_FRAMEWORK_HEADER = YES;
				CLANG_WARN_RANGE_LOOP_ANALYSIS = YES;
				CLANG_WARN_STRICT_PROTOTYPES = YES;
				CLANG_WARN_SUSPICIOUS_MOVE = YES;
				CLANG_WARN_UNGUARDED_AVAILABILITY = YES_AGGRESSIVE;
				CLANG_WARN_UNREACHABLE_CODE = YES;
				CLANG_WARN__DUPLICATE_METHOD_MATCH = YES;
				COPY_PHASE_STRIP = NO;
				DEBUG_INFORMATION_FORMAT = dwarf;
				ENABLE_STRICT_OBJC_MSGSEND = YES;
				ENABLE_TESTABILITY = YES;
				GCC_C_LANGUAGE_STANDARD = gnu11;
				GCC_DYNAMIC_NO_PIC = NO;
				GCC_NO_COMMON_BLOCKS = YES;
				GCC_OPTIMIZATION_LEVEL = 0;
				GCC_PREPROCESSOR_DEFINITIONS = (
					"DEBUG=1",
					"$(inherited)",
				);
				GCC_WARN_64_TO_32_BIT_CONVERSION = YES;
				GCC_WARN_ABOUT_RETURN_TYPE = YES_ERROR;
				GCC_WARN_UNDECLARED_SELECTOR = YES;
				GCC_WARN_UNINITIALIZED_AUTOS = YES_AGGRESSIVE;
				GCC_WARN_UNUSED_FUNCTION = YES;
				GCC_WARN_UNUSED_VARIABLE = YES;
				IPHONEOS_DEPLOYMENT_TARGET = 15.5;
				MTL_ENABLE_DEBUG_INFO = INCLUDE_SOURCE;
				MTL_FAST_MATH = YES;
				ONLY_ACTIVE_ARCH = YES;
				SDKROOT = iphoneos;
				SWIFT_ACTIVE_COMPILATION_CONDITIONS = DEBUG;
				SWIFT_OPTIMIZATION_LEVEL = "-Onone";
			};
			name = Debug;
		};
		FA546EF7287E06FF00FF14D9 /* Release */ = {
			isa = XCBuildConfiguration;
			buildSettings = {
				ALWAYS_SEARCH_USER_PATHS = NO;
				CLANG_ANALYZER_NONNULL = YES;
				CLANG_ANALYZER_NUMBER_OBJECT_CONVERSION = YES_AGGRESSIVE;
				CLANG_CXX_LANGUAGE_STANDARD = "gnu++17";
				CLANG_ENABLE_MODULES = YES;
				CLANG_ENABLE_OBJC_ARC = YES;
				CLANG_ENABLE_OBJC_WEAK = YES;
				CLANG_WARN_BLOCK_CAPTURE_AUTORELEASING = YES;
				CLANG_WARN_BOOL_CONVERSION = YES;
				CLANG_WARN_COMMA = YES;
				CLANG_WARN_CONSTANT_CONVERSION = YES;
				CLANG_WARN_DEPRECATED_OBJC_IMPLEMENTATIONS = YES;
				CLANG_WARN_DIRECT_OBJC_ISA_USAGE = YES_ERROR;
				CLANG_WARN_DOCUMENTATION_COMMENTS = YES;
				CLANG_WARN_EMPTY_BODY = YES;
				CLANG_WARN_ENUM_CONVERSION = YES;
				CLANG_WARN_INFINITE_RECURSION = YES;
				CLANG_WARN_INT_CONVERSION = YES;
				CLANG_WARN_NON_LITERAL_NULL_CONVERSION = YES;
				CLANG_WARN_OBJC_IMPLICIT_RETAIN_SELF = YES;
				CLANG_WARN_OBJC_LITERAL_CONVERSION = YES;
				CLANG_WARN_OBJC_ROOT_CLASS = YES_ERROR;
				CLANG_WARN_QUOTED_INCLUDE_IN_FRAMEWORK_HEADER = YES;
				CLANG_WARN_RANGE_LOOP_ANALYSIS = YES;
				CLANG_WARN_STRICT_PROTOTYPES = YES;
				CLANG_WARN_SUSPICIOUS_MOVE = YES;
				CLANG_WARN_UNGUARDED_AVAILABILITY = YES_AGGRESSIVE;
				CLANG_WARN_UNREACHABLE_CODE = YES;
				CLANG_WARN__DUPLICATE_METHOD_MATCH = YES;
				COPY_PHASE_STRIP = NO;
				DEBUG_INFORMATION_FORMAT = "dwarf-with-dsym";
				ENABLE_NS_ASSERTIONS = NO;
				ENABLE_STRICT_OBJC_MSGSEND = YES;
				GCC_C_LANGUAGE_STANDARD = gnu11;
				GCC_NO_COMMON_BLOCKS = YES;
				GCC_WARN_64_TO_32_BIT_CONVERSION = YES;
				GCC_WARN_ABOUT_RETURN_TYPE = YES_ERROR;
				GCC_WARN_UNDECLARED_SELECTOR = YES;
				GCC_WARN_UNINITIALIZED_AUTOS = YES_AGGRESSIVE;
				GCC_WARN_UNUSED_FUNCTION = YES;
				GCC_WARN_UNUSED_VARIABLE = YES;
				IPHONEOS_DEPLOYMENT_TARGET = 15.5;
				MTL_ENABLE_DEBUG_INFO = NO;
				MTL_FAST_MATH = YES;
				SDKROOT = iphoneos;
				SWIFT_COMPILATION_MODE = wholemodule;
				SWIFT_OPTIMIZATION_LEVEL = "-O";
				VALIDATE_PRODUCT = YES;
			};
			name = Release;
		};
		FA546EF9287E06FF00FF14D9 /* Debug */ = {
			isa = XCBuildConfiguration;
			buildSettings = {
				ASSETCATALOG_COMPILER_APPICON_NAME = AppIcon;
				ASSETCATALOG_COMPILER_GLOBAL_ACCENT_COLOR_NAME = AccentColor;
				CODE_SIGN_STYLE = Automatic;
				CURRENT_PROJECT_VERSION = 1;
				DEVELOPMENT_ASSET_PATHS = "\"Avocados/Preview Content\"";
				DEVELOPMENT_TEAM = UNSBUCHFN8;
				ENABLE_PREVIEWS = YES;
				GENERATE_INFOPLIST_FILE = YES;
				INFOPLIST_FILE = Avocados/Info.plist;
				INFOPLIST_KEY_UIApplicationSceneManifest_Generation = YES;
				INFOPLIST_KEY_UIApplicationSupportsIndirectInputEvents = YES;
				INFOPLIST_KEY_UILaunchStoryboardName = LaunchScreen;
				INFOPLIST_KEY_UISupportedInterfaceOrientations = UIInterfaceOrientationPortrait;
				INFOPLIST_KEY_UISupportedInterfaceOrientations_iPad = "UIInterfaceOrientationPortrait UIInterfaceOrientationPortraitUpsideDown UIInterfaceOrientationLandscapeLeft UIInterfaceOrientationLandscapeRight";
				INFOPLIST_KEY_UISupportedInterfaceOrientations_iPhone = "UIInterfaceOrientationPortrait UIInterfaceOrientationLandscapeLeft UIInterfaceOrientationLandscapeRight";
				LD_RUNPATH_SEARCH_PATHS = (
					"$(inherited)",
					"@executable_path/Frameworks",
				);
				MARKETING_VERSION = 1.0;
				PRODUCT_BUNDLE_IDENTIFIER = com.aleksandrspetruhins.Avocados;
				PRODUCT_NAME = "$(TARGET_NAME)";
				SWIFT_EMIT_LOC_STRINGS = YES;
				SWIFT_VERSION = 5.0;
				TARGETED_DEVICE_FAMILY = "1,2";
			};
			name = Debug;
		};
		FA546EFA287E06FF00FF14D9 /* Release */ = {
			isa = XCBuildConfiguration;
			buildSettings = {
				ASSETCATALOG_COMPILER_APPICON_NAME = AppIcon;
				ASSETCATALOG_COMPILER_GLOBAL_ACCENT_COLOR_NAME = AccentColor;
				CODE_SIGN_STYLE = Automatic;
				CURRENT_PROJECT_VERSION = 1;
				DEVELOPMENT_ASSET_PATHS = "\"Avocados/Preview Content\"";
				DEVELOPMENT_TEAM = UNSBUCHFN8;
				ENABLE_PREVIEWS = YES;
				GENERATE_INFOPLIST_FILE = YES;
				INFOPLIST_FILE = Avocados/Info.plist;
				INFOPLIST_KEY_UIApplicationSceneManifest_Generation = YES;
				INFOPLIST_KEY_UIApplicationSupportsIndirectInputEvents = YES;
				INFOPLIST_KEY_UILaunchStoryboardName = LaunchScreen;
				INFOPLIST_KEY_UISupportedInterfaceOrientations = UIInterfaceOrientationPortrait;
				INFOPLIST_KEY_UISupportedInterfaceOrientations_iPad = "UIInterfaceOrientationPortrait UIInterfaceOrientationPortraitUpsideDown UIInterfaceOrientationLandscapeLeft UIInterfaceOrientationLandscapeRight";
				INFOPLIST_KEY_UISupportedInterfaceOrientations_iPhone = "UIInterfaceOrientationPortrait UIInterfaceOrientationLandscapeLeft UIInterfaceOrientationLandscapeRight";
				LD_RUNPATH_SEARCH_PATHS = (
					"$(inherited)",
					"@executable_path/Frameworks",
				);
				MARKETING_VERSION = 1.0;
				PRODUCT_BUNDLE_IDENTIFIER = com.aleksandrspetruhins.Avocados;
				PRODUCT_NAME = "$(TARGET_NAME)";
				SWIFT_EMIT_LOC_STRINGS = YES;
				SWIFT_VERSION = 5.0;
				TARGETED_DEVICE_FAMILY = "1,2";
			};
			name = Release;
		};
/* End XCBuildConfiguration section */

/* Begin XCConfigurationList section */
		FA546EE5287E06FD00FF14D9 /* Build configuration list for PBXProject "Avocados" */ = {
			isa = XCConfigurationList;
			buildConfigurations = (
				FA546EF6287E06FF00FF14D9 /* Debug */,
				FA546EF7287E06FF00FF14D9 /* Release */,
			);
			defaultConfigurationIsVisible = 0;
			defaultConfigurationName = Release;
		};
		FA546EF8287E06FF00FF14D9 /* Build configuration list for PBXNativeTarget "Avocados" */ = {
			isa = XCConfigurationList;
			buildConfigurations = (
				FA546EF9287E06FF00FF14D9 /* Debug */,
				FA546EFA287E06FF00FF14D9 /* Release */,
			);
			defaultConfigurationIsVisible = 0;
			defaultConfigurationName = Release;
		};
/* End XCConfigurationList section */
	};
	rootObject = FA546EE2287E06FD00FF14D9 /* Project object */;
}
